
Microsoft Visual Studio Solution File, Format Version 12.00
# Visual Studio Version 17
VisualStudioVersion = 17.0.32014.148
MinimumVisualStudioVersion = 10.0.40219.1
Project("{9A19103F-16F7-4668-BE54-9A1E7A4F7556}") = "CommunityContentSubmissionPage.Specs", "CommunityContentSubmissionPage.Specs\CommunityContentSubmissionPage.Specs.csproj", "{6AE60A74-2086-4AF1-953A-49D6061F165F}"
EndProject
Project("{9A19103F-16F7-4668-BE54-9A1E7A4F7556}") = "CommunityContentSubmissionPage", "CommunityContentSubmissionPage\CommunityContentSubmissionPage.csproj", "{C2712DA1-C004-4382-92FE-EBD7492A09F3}"
EndProject
Project("{2150E333-8FDC-42A3-9474-1A3956D46DE8}") = "Build", "Build", "{8819B0DD-C320-47AB-AFA4-9285F401C2FE}"
	ProjectSection(SolutionItems) = preProject
		CommunityContentSubmission-LivingDoc.yml = CommunityContentSubmission-LivingDoc.yml
		CommunityContentSubmissionPage-CI.yml = CommunityContentSubmissionPage-CI.yml
	EndProjectSection
EndProject
Global
	GlobalSection(SolutionConfigurationPlatforms) = preSolution
		Debug|Any CPU = Debug|Any CPU
		Release|Any CPU = Release|Any CPU
	EndGlobalSection
	GlobalSection(ProjectConfigurationPlatforms) = postSolution
		{6AE60A74-2086-4AF1-953A-49D6061F165F}.Debug|Any CPU.ActiveCfg = Debug|Any CPU
		{6AE60A74-2086-4AF1-953A-49D6061F165F}.Debug|Any CPU.Build.0 = Debug|Any CPU
		{6AE60A74-2086-4AF1-953A-49D6061F165F}.Release|Any CPU.ActiveCfg = Release|Any CPU
		{6AE60A74-2086-4AF1-953A-49D6061F165F}.Release|Any CPU.Build.0 = Release|Any CPU
		{C2712DA1-C004-4382-92FE-EBD7492A09F3}.Debug|Any CPU.ActiveCfg = Debug|Any CPU
		{C2712DA1-C004-4382-92FE-EBD7492A09F3}.Debug|Any CPU.Build.0 = Debug|Any CPU
		{C2712DA1-C004-4382-92FE-EBD7492A09F3}.Release|Any CPU.ActiveCfg = Release|Any CPU
		{C2712DA1-C004-4382-92FE-EBD7492A09F3}.Release|Any CPU.Build.0 = Release|Any CPU
	EndGlobalSection
	GlobalSection(SolutionProperties) = preSolution
		HideSolutionNode = FALSE
	EndGlobalSection
	GlobalSection(ExtensibilityGlobals) = postSolution
		SolutionGuid = {6299D5D0-F246-4AA3-8EB8-6DB11A6BAA06}
	EndGlobalSection
EndGlobal
